
Microsoft Visual Studio Solution File, Format Version 12.00
Project("{9A19103F-16F7-4668-BE54-9A1E7A4F7556}") = "ShorthandOperators", "ShorthandOperators.csproj", "{F30AD58B-5C3E-4087-BDF4-C8B8BDD2A72C}"
EndProject
Global
	GlobalSection(SolutionConfigurationPlatforms) = preSolution
		Debug|Any CPU = Debug|Any CPU
		Release|Any CPU = Release|Any CPU
	EndGlobalSection
	GlobalSection(ProjectConfigurationPlatforms) = postSolution
		{F30AD58B-5C3E-4087-BDF4-C8B8BDD2A72C}.Debug|Any CPU.ActiveCfg = Debug|Any CPU
		{F30AD58B-5C3E-4087-BDF4-C8B8BDD2A72C}.Debug|Any CPU.Build.0 = Debug|Any CPU
		{F30AD58B-5C3E-4087-BDF4-C8B8BDD2A72C}.Release|Any CPU.ActiveCfg = Release|Any CPU
		{F30AD58B-5C3E-4087-BDF4-C8B8BDD2A72C}.Release|Any CPU.Build.0 = Release|Any CPU
	EndGlobalSection
EndGlobal
